// !$*UTF8*$!
{
	archiveVersion = 1;
	classes = {
	};
	objectVersion = 50;
	objects = {

/* Begin PBXBuildFile section */
		40F01209230BFCDD009B2527 /* AppDelegate.swift in Sources */ = {isa = PBXBuildFile; fileRef = 40F01208230BFCDD009B2527 /* AppDelegate.swift */; };
		40F0120B230BFCDD009B2527 /* ViewController.swift in Sources */ = {isa = PBXBuildFile; fileRef = 40F0120A230BFCDD009B2527 /* ViewController.swift */; };
		40F0120E230BFCDD009B2527 /* Main.storyboard in Resources */ = {isa = PBXBuildFile; fileRef = 40F0120C230BFCDD009B2527 /* Main.storyboard */; };
		40F01210230BFCDD009B2527 /* Assets.xcassets in Resources */ = {isa = PBXBuildFile; fileRef = 40F0120F230BFCDD009B2527 /* Assets.xcassets */; };
		40F01213230BFCDD009B2527 /* LaunchScreen.storyboard in Resources */ = {isa = PBXBuildFile; fileRef = 40F01211230BFCDD009B2527 /* LaunchScreen.storyboard */; };
		40F0121B230C00C9009B2527 /* ImageViewController.swift in Sources */ = {isa = PBXBuildFile; fileRef = 40F0121A230C00C9009B2527 /* ImageViewController.swift */; };
		40F0121D230C040E009B2527 /* GoogleCloudOCR.swift in Sources */ = {isa = PBXBuildFile; fileRef = 40F0121C230C040D009B2527 /* GoogleCloudOCR.swift */; };
		40F0121F230C0B8E009B2527 /* GoogleCloudOCRModel.swift in Sources */ = {isa = PBXBuildFile; fileRef = 40F0121E230C0B8E009B2527 /* GoogleCloudOCRModel.swift */; };
		CF61F603A42ECE2E3C2FF7CD /* Pods_GoogleCloudVisionOCRExample.framework in Frameworks */ = {isa = PBXBuildFile; fileRef = 774A07155F4DF3F2575289B5 /* Pods_GoogleCloudVisionOCRExample.framework */; };
/* End PBXBuildFile section */

/* Begin PBXFileReference section */
		0640CFC7CA1A751A4DBD0E7A /* Pods-GoogleCloudVisionOCRExample.release.xcconfig */ = {isa = PBXFileReference; includeInIndex = 1; lastKnownFileType = text.xcconfig; name = "Pods-GoogleCloudVisionOCRExample.release.xcconfig"; path = "Pods/Target Support Files/Pods-GoogleCloudVisionOCRExample/Pods-GoogleCloudVisionOCRExample.release.xcconfig"; sourceTree = "<group>"; };
		40F01205230BFCDD009B2527 /* GoogleCloudVisionOCRExample.app */ = {isa = PBXFileReference; explicitFileType = wrapper.application; includeInIndex = 0; path = GoogleCloudVisionOCRExample.app; sourceTree = BUILT_PRODUCTS_DIR; };
		40F01208230BFCDD009B2527 /* AppDelegate.swift */ = {isa = PBXFileReference; lastKnownFileType = sourcecode.swift; path = AppDelegate.swift; sourceTree = "<group>"; };
		40F0120A230BFCDD009B2527 /* ViewController.swift */ = {isa = PBXFileReference; lastKnownFileType = sourcecode.swift; path = ViewController.swift; sourceTree = "<group>"; };
		40F0120D230BFCDD009B2527 /* Base */ = {isa = PBXFileReference; lastKnownFileType = file.storyboard; name = Base; path = Base.lproj/Main.storyboard; sourceTree = "<group>"; };
		40F0120F230BFCDD009B2527 /* Assets.xcassets */ = {isa = PBXFileReference; lastKnownFileType = folder.assetcatalog; path = Assets.xcassets; sourceTree = "<group>"; };
		40F01212230BFCDD009B2527 /* Base */ = {isa = PBXFileReference; lastKnownFileType = file.storyboard; name = Base; path = Base.lproj/LaunchScreen.storyboard; sourceTree = "<group>"; };
		40F01214230BFCDD009B2527 /* Info.plist */ = {isa = PBXFileReference; lastKnownFileType = text.plist.xml; path = Info.plist; sourceTree = "<group>"; };
		40F0121A230C00C9009B2527 /* ImageViewController.swift */ = {isa = PBXFileReference; lastKnownFileType = sourcecode.swift; path = ImageViewController.swift; sourceTree = "<group>"; };
		40F0121C230C040D009B2527 /* GoogleCloudOCR.swift */ = {isa = PBXFileReference; lastKnownFileType = sourcecode.swift; path = GoogleCloudOCR.swift; sourceTree = "<group>"; };
		40F0121E230C0B8E009B2527 /* GoogleCloudOCRModel.swift */ = {isa = PBXFileReference; lastKnownFileType = sourcecode.swift; path = GoogleCloudOCRModel.swift; sourceTree = "<group>"; };
		774A07155F4DF3F2575289B5 /* Pods_GoogleCloudVisionOCRExample.framework */ = {isa = PBXFileReference; explicitFileType = wrapper.framework; includeInIndex = 0; path = Pods_GoogleCloudVisionOCRExample.framework; sourceTree = BUILT_PRODUCTS_DIR; };
		F48EFE71BA28C521169C4981 /* Pods-GoogleCloudVisionOCRExample.debug.xcconfig */ = {isa = PBXFileReference; includeInIndex = 1; lastKnownFileType = text.xcconfig; name = "Pods-GoogleCloudVisionOCRExample.debug.xcconfig"; path = "Pods/Target Support Files/Pods-GoogleCloudVisionOCRExample/Pods-GoogleCloudVisionOCRExample.debug.xcconfig"; sourceTree = "<group>"; };
/* End PBXFileReference section */

/* Begin PBXFrameworksBuildPhase section */
		40F01202230BFCDD009B2527 /* Frameworks */ = {
			isa = PBXFrameworksBuildPhase;
			buildActionMask = 2147483647;
			files = (
				CF61F603A42ECE2E3C2FF7CD /* Pods_GoogleCloudVisionOCRExample.framework in Frameworks */,
			);
			runOnlyForDeploymentPostprocessing = 0;
		};
/* End PBXFrameworksBuildPhase section */

/* Begin PBXGroup section */
		1A856FD34DAB3EB1013D7C3A /* Frameworks */ = {
			isa = PBXGroup;
			children = (
				774A07155F4DF3F2575289B5 /* Pods_GoogleCloudVisionOCRExample.framework */,
			);
			name = Frameworks;
			sourceTree = "<group>";
		};
		3B8C7B0C56F601942AC1FDDC /* Pods */ = {
			isa = PBXGroup;
			children = (
				F48EFE71BA28C521169C4981 /* Pods-GoogleCloudVisionOCRExample.debug.xcconfig */,
				0640CFC7CA1A751A4DBD0E7A /* Pods-GoogleCloudVisionOCRExample.release.xcconfig */,
			);
			name = Pods;
			sourceTree = "<group>";
		};
		40F011FC230BFCDD009B2527 = {
			isa = PBXGroup;
			children = (
				40F01207230BFCDD009B2527 /* GoogleCloudVisionOCRExample */,
				40F01206230BFCDD009B2527 /* Products */,
				3B8C7B0C56F601942AC1FDDC /* Pods */,
				1A856FD34DAB3EB1013D7C3A /* Frameworks */,
			);
			sourceTree = "<group>";
		};
		40F01206230BFCDD009B2527 /* Products */ = {
			isa = PBXGroup;
			children = (
				40F01205230BFCDD009B2527 /* GoogleCloudVisionOCRExample.app */,
			);
			name = Products;
			sourceTree = "<group>";
		};
		40F01207230BFCDD009B2527 /* GoogleCloudVisionOCRExample */ = {
			isa = PBXGroup;
			children = (
				40F01208230BFCDD009B2527 /* AppDelegate.swift */,
				40F0121A230C00C9009B2527 /* ImageViewController.swift */,
				40F0120A230BFCDD009B2527 /* ViewController.swift */,
				40F0120C230BFCDD009B2527 /* Main.storyboard */,
				40F0120F230BFCDD009B2527 /* Assets.xcassets */,
				40F01211230BFCDD009B2527 /* LaunchScreen.storyboard */,
				40F01214230BFCDD009B2527 /* Info.plist */,
				40F0121C230C040D009B2527 /* GoogleCloudOCR.swift */,
				40F0121E230C0B8E009B2527 /* GoogleCloudOCRModel.swift */,
			);
			path = GoogleCloudVisionOCRExample;
			sourceTree = "<group>";
		};
/* End PBXGroup section */

/* Begin PBXNativeTarget section */
		40F01204230BFCDD009B2527 /* GoogleCloudVisionOCRExample */ = {
			isa = PBXNativeTarget;
			buildConfigurationList = 40F01217230BFCDD009B2527 /* Build configuration list for PBXNativeTarget "GoogleCloudVisionOCRExample" */;
			buildPhases = (
				7A7A1813FC96204B75723511 /* [CP] Check Pods Manifest.lock */,
				40F01201230BFCDD009B2527 /* Sources */,
				40F01202230BFCDD009B2527 /* Frameworks */,
				40F01203230BFCDD009B2527 /* Resources */,
				12A19F80582FAFD2CE674832 /* [CP] Embed Pods Frameworks */,
			);
			buildRules = (
			);
			dependencies = (
			);
			name = GoogleCloudVisionOCRExample;
			productName = GoogleCloudVisionOCRExample;
			productReference = 40F01205230BFCDD009B2527 /* GoogleCloudVisionOCRExample.app */;
			productType = "com.apple.product-type.application";
		};
/* End PBXNativeTarget section */

/* Begin PBXProject section */
		40F011FD230BFCDD009B2527 /* Project object */ = {
			isa = PBXProject;
			attributes = {
				LastSwiftUpdateCheck = 1030;
				LastUpgradeCheck = 1030;
				ORGANIZATIONNAME = "Paul Oprea";
				TargetAttributes = {
					40F01204230BFCDD009B2527 = {
						CreatedOnToolsVersion = 10.3;
					};
				};
			};
			buildConfigurationList = 40F01200230BFCDD009B2527 /* Build configuration list for PBXProject "GoogleCloudVisionOCRExample" */;
			compatibilityVersion = "Xcode 9.3";
			developmentRegion = en;
			hasScannedForEncodings = 0;
			knownRegions = (
				en,
				Base,
			);
			mainGroup = 40F011FC230BFCDD009B2527;
			productRefGroup = 40F01206230BFCDD009B2527 /* Products */;
			projectDirPath = "";
			projectRoot = "";
			targets = (
				40F01204230BFCDD009B2527 /* GoogleCloudVisionOCRExample */,
			);
		};
/* End PBXProject section */

/* Begin PBXResourcesBuildPhase section */
		40F01203230BFCDD009B2527 /* Resources */ = {
			isa = PBXResourcesBuildPhase;
			buildActionMask = 2147483647;
			files = (
				40F01213230BFCDD009B2527 /* LaunchScreen.storyboard in Resources */,
				40F01210230BFCDD009B2527 /* Assets.xcassets in Resources */,
				40F0120E230BFCDD009B2527 /* Main.storyboard in Resources */,
			);
			runOnlyForDeploymentPostprocessing = 0;
		};
/* End PBXResourcesBuildPhase section */

/* Begin PBXShellScriptBuildPhase section */
		12A19F80582FAFD2CE674832 /* [CP] Embed Pods Frameworks */ = {
			isa = PBXShellScriptBuildPhase;
			buildActionMask = 2147483647;
			files = (
			);
			inputFileListPaths = (
			);
			inputPaths = (
				"${SRCROOT}/Pods/Target Support Files/Pods-GoogleCloudVisionOCRExample/Pods-GoogleCloudVisionOCRExample-frameworks.sh",
				"${BUILT_PRODUCTS_DIR}/Alamofire/Alamofire.framework",
			);
			name = "[CP] Embed Pods Frameworks";
			outputFileListPaths = (
			);
			outputPaths = (
				"${TARGET_BUILD_DIR}/${FRAMEWORKS_FOLDER_PATH}/Alamofire.framework",
			);
			runOnlyForDeploymentPostprocessing = 0;
			shellPath = /bin/sh;
			shellScript = "\"${SRCROOT}/Pods/Target Support Files/Pods-GoogleCloudVisionOCRExample/Pods-GoogleCloudVisionOCRExample-frameworks.sh\"\n";
			showEnvVarsInLog = 0;
		};
		7A7A1813FC96204B75723511 /* [CP] Check Pods Manifest.lock */ = {
			isa = PBXShellScriptBuildPhase;
			buildActionMask = 2147483647;
			files = (
			);
			inputFileListPaths = (
			);
			inputPaths = (
				"${PODS_PODFILE_DIR_PATH}/Podfile.lock",
				"${PODS_ROOT}/Manifest.lock",
			);
			name = "[CP] Check Pods Manifest.lock";
			outputFileListPaths = (
			);
			outputPaths = (
				"$(DERIVED_FILE_DIR)/Pods-GoogleCloudVisionOCRExample-checkManifestLockResult.txt",
			);
			runOnlyForDeploymentPostprocessing = 0;
			shellPath = /bin/sh;
			shellScript = "diff \"${PODS_PODFILE_DIR_PATH}/Podfile.lock\" \"${PODS_ROOT}/Manifest.lock\" > /dev/null\nif [ $? != 0 ] ; then\n    # print error to STDERR\n    echo \"error: The sandbox is not in sync with the Podfile.lock. Run 'pod install' or update your CocoaPods installation.\" >&2\n    exit 1\nfi\n# This output is used by Xcode 'outputs' to avoid re-running this script phase.\necho \"SUCCESS\" > \"${SCRIPT_OUTPUT_FILE_0}\"\n";
			showEnvVarsInLog = 0;
		};
/* End PBXShellScriptBuildPhase section */

/* Begin PBXSourcesBuildPhase section */
		40F01201230BFCDD009B2527 /* Sources */ = {
			isa = PBXSourcesBuildPhase;
			buildActionMask = 2147483647;
			files = (
				40F0120B230BFCDD009B2527 /* ViewController.swift in Sources */,
				40F0121B230C00C9009B2527 /* ImageViewController.swift in Sources */,
				40F01209230BFCDD009B2527 /* AppDelegate.swift in Sources */,
				40F0121D230C040E009B2527 /* GoogleCloudOCR.swift in Sources */,
				40F0121F230C0B8E009B2527 /* GoogleCloudOCRModel.swift in Sources */,
			);
			runOnlyForDeploymentPostprocessing = 0;
		};
/* End PBXSourcesBuildPhase section */

/* Begin PBXVariantGroup section */
		40F0120C230BFCDD009B2527 /* Main.storyboard */ = {
			isa = PBXVariantGroup;
			children = (
				40F0120D230BFCDD009B2527 /* Base */,
			);
			name = Main.storyboard;
			sourceTree = "<group>";
		};
		40F01211230BFCDD009B2527 /* LaunchScreen.storyboard */ = {
			isa = PBXVariantGroup;
			children = (
				40F01212230BFCDD009B2527 /* Base */,
			);
			name = LaunchScreen.storyboard;
			sourceTree = "<group>";
		};
/* End PBXVariantGroup section */

/* Begin XCBuildConfiguration section */
		40F01215230BFCDD009B2527 /* Debug */ = {
			isa = XCBuildConfiguration;
			buildSettings = {
				ALWAYS_SEARCH_USER_PATHS = NO;
				CLANG_ANALYZER_NONNULL = YES;
				CLANG_ANALYZER_NUMBER_OBJECT_CONVERSION = YES_AGGRESSIVE;
				CLANG_CXX_LANGUAGE_STANDARD = "gnu++14";
				CLANG_CXX_LIBRARY = "libc++";
				CLANG_ENABLE_MODULES = YES;
				CLANG_ENABLE_OBJC_ARC = YES;
				CLANG_ENABLE_OBJC_WEAK = YES;
				CLANG_WARN_BLOCK_CAPTURE_AUTORELEASING = YES;
				CLANG_WARN_BOOL_CONVERSION = YES;
				CLANG_WARN_COMMA = YES;
				CLANG_WARN_CONSTANT_CONVERSION = YES;
				CLANG_WARN_DEPRECATED_OBJC_IMPLEMENTATIONS = YES;
				CLANG_WARN_DIRECT_OBJC_ISA_USAGE = YES_ERROR;
				CLANG_WARN_DOCUMENTATION_COMMENTS = YES;
				CLANG_WARN_EMPTY_BODY = YES;
				CLANG_WARN_ENUM_CONVERSION = YES;
				CLANG_WARN_INFINITE_RECURSION = YES;
				CLANG_WARN_INT_CONVERSION = YES;
				CLANG_WARN_NON_LITERAL_NULL_CONVERSION = YES;
				CLANG_WARN_OBJC_IMPLICIT_RETAIN_SELF = YES;
				CLANG_WARN_OBJC_LITERAL_CONVERSION = YES;
				CLANG_WARN_OBJC_ROOT_CLASS = YES_ERROR;
				CLANG_WARN_RANGE_LOOP_ANALYSIS = YES;
				CLANG_WARN_STRICT_PROTOTYPES = YES;
				CLANG_WARN_SUSPICIOUS_MOVE = YES;
				CLANG_WARN_UNGUARDED_AVAILABILITY = YES_AGGRESSIVE;
				CLANG_WARN_UNREACHABLE_CODE = YES;
				CLANG_WARN__DUPLICATE_METHOD_MATCH = YES;
				CODE_SIGN_IDENTITY = "iPhone Developer";
				COPY_PHASE_STRIP = NO;
				DEBUG_INFORMATION_FORMAT = dwarf;
				ENABLE_STRICT_OBJC_MSGSEND = YES;
				ENABLE_TESTABILITY = YES;
				GCC_C_LANGUAGE_STANDARD = gnu11;
				GCC_DYNAMIC_NO_PIC = NO;
				GCC_NO_COMMON_BLOCKS = YES;
				GCC_OPTIMIZATION_LEVEL = 0;
				GCC_PREPROCESSOR_DEFINITIONS = (
					"DEBUG=1",
					"$(inherited)",
				);
				GCC_WARN_64_TO_32_BIT_CONVERSION = YES;
				GCC_WARN_ABOUT_RETURN_TYPE = YES_ERROR;
				GCC_WARN_UNDECLARED_SELECTOR = YES;
				GCC_WARN_UNINITIALIZED_AUTOS = YES_AGGRESSIVE;
				GCC_WARN_UNUSED_FUNCTION = YES;
				GCC_WARN_UNUSED_VARIABLE = YES;
				IPHONEOS_DEPLOYMENT_TARGET = 12.4;
				MTL_ENABLE_DEBUG_INFO = INCLUDE_SOURCE;
				MTL_FAST_MATH = YES;
				ONLY_ACTIVE_ARCH = YES;
				SDKROOT = iphoneos;
				SWIFT_ACTIVE_COMPILATION_CONDITIONS = DEBUG;
				SWIFT_OPTIMIZATION_LEVEL = "-Onone";
			};
			name = Debug;
		};
		40F01216230BFCDD009B2527 /* Release */ = {
			isa = XCBuildConfiguration;
			buildSettings = {
				ALWAYS_SEARCH_USER_PATHS = NO;
				CLANG_ANALYZER_NONNULL = YES;
				CLANG_ANALYZER_NUMBER_OBJECT_CONVERSION = YES_AGGRESSIVE;
				CLANG_CXX_LANGUAGE_STANDARD = "gnu++14";
				CLANG_CXX_LIBRARY = "libc++";
				CLANG_ENABLE_MODULES = YES;
				CLANG_ENABLE_OBJC_ARC = YES;
				CLANG_ENABLE_OBJC_WEAK = YES;
				CLANG_WARN_BLOCK_CAPTURE_AUTORELEASING = YES;
				CLANG_WARN_BOOL_CONVERSION = YES;
				CLANG_WARN_COMMA = YES;
				CLANG_WARN_CONSTANT_CONVERSION = YES;
				CLANG_WARN_DEPRECATED_OBJC_IMPLEMENTATIONS = YES;
				CLANG_WARN_DIRECT_OBJC_ISA_USAGE = YES_ERROR;
				CLANG_WARN_DOCUMENTATION_COMMENTS = YES;
				CLANG_WARN_EMPTY_BODY = YES;
				CLANG_WARN_ENUM_CONVERSION = YES;
				CLANG_WARN_INFINITE_RECURSION = YES;
				CLANG_WARN_INT_CONVERSION = YES;
				CLANG_WARN_NON_LITERAL_NULL_CONVERSION = YES;
				CLANG_WARN_OBJC_IMPLICIT_RETAIN_SELF = YES;
				CLANG_WARN_OBJC_LITERAL_CONVERSION = YES;
				CLANG_WARN_OBJC_ROOT_CLASS = YES_ERROR;
				CLANG_WARN_RANGE_LOOP_ANALYSIS = YES;
				CLANG_WARN_STRICT_PROTOTYPES = YES;
				CLANG_WARN_SUSPICIOUS_MOVE = YES;
				CLANG_WARN_UNGUARDED_AVAILABILITY = YES_AGGRESSIVE;
				CLANG_WARN_UNREACHABLE_CODE = YES;
				CLANG_WARN__DUPLICATE_METHOD_MATCH = YES;
				CODE_SIGN_IDENTITY = "iPhone Developer";
				COPY_PHASE_STRIP = NO;
				DEBUG_INFORMATION_FORMAT = "dwarf-with-dsym";
				ENABLE_NS_ASSERTIONS = NO;
				ENABLE_STRICT_OBJC_MSGSEND = YES;
				GCC_C_LANGUAGE_STANDARD = gnu11;
				GCC_NO_COMMON_BLOCKS = YES;
				GCC_WARN_64_TO_32_BIT_CONVERSION = YES;
				GCC_WARN_ABOUT_RETURN_TYPE = YES_ERROR;
				GCC_WARN_UNDECLARED_SELECTOR = YES;
				GCC_WARN_UNINITIALIZED_AUTOS = YES_AGGRESSIVE;
				GCC_WARN_UNUSED_FUNCTION = YES;
				GCC_WARN_UNUSED_VARIABLE = YES;
				IPHONEOS_DEPLOYMENT_TARGET = 12.4;
				MTL_ENABLE_DEBUG_INFO = NO;
				MTL_FAST_MATH = YES;
				SDKROOT = iphoneos;
				SWIFT_COMPILATION_MODE = wholemodule;
				SWIFT_OPTIMIZATION_LEVEL = "-O";
				VALIDATE_PRODUCT = YES;
			};
			name = Release;
		};
		40F01218230BFCDD009B2527 /* Debug */ = {
			isa = XCBuildConfiguration;
			baseConfigurationReference = F48EFE71BA28C521169C4981 /* Pods-GoogleCloudVisionOCRExample.debug.xcconfig */;
			buildSettings = {
				ASSETCATALOG_COMPILER_APPICON_NAME = AppIcon;
				CODE_SIGN_STYLE = Automatic;
				DEVELOPMENT_TEAM = 85TX4DE8AK;
				INFOPLIST_FILE = GoogleCloudVisionOCRExample/Info.plist;
				LD_RUNPATH_SEARCH_PATHS = (
					"$(inherited)",
					"@executable_path/Frameworks",
				);
				PRODUCT_BUNDLE_IDENTIFIER = ro.duoline.GoogleCloudVisionOCRExample;
				PRODUCT_NAME = "$(TARGET_NAME)";
				SWIFT_VERSION = 5.0;
				TARGETED_DEVICE_FAMILY = "1,2";
			};
			name = Debug;
		};
		40F01219230BFCDD009B2527 /* Release */ = {
			isa = XCBuildConfiguration;
			baseConfigurationReference = 0640CFC7CA1A751A4DBD0E7A /* Pods-GoogleCloudVisionOCRExample.release.xcconfig */;
			buildSettings = {
				ASSETCATALOG_COMPILER_APPICON_NAME = AppIcon;
				CODE_SIGN_STYLE = Automatic;
				DEVELOPMENT_TEAM = 85TX4DE8AK;
				INFOPLIST_FILE = GoogleCloudVisionOCRExample/Info.plist;
				LD_RUNPATH_SEARCH_PATHS = (
					"$(inherited)",
					"@executable_path/Frameworks",
				);
				PRODUCT_BUNDLE_IDENTIFIER = ro.duoline.GoogleCloudVisionOCRExample;
				PRODUCT_NAME = "$(TARGET_NAME)";
				SWIFT_VERSION = 5.0;
				TARGETED_DEVICE_FAMILY = "1,2";
			};
			name = Release;
		};
/* End XCBuildConfiguration section */

/* Begin XCConfigurationList section */
		40F01200230BFCDD009B2527 /* Build configuration list for PBXProject "GoogleCloudVisionOCRExample" */ = {
			isa = XCConfigurationList;
			buildConfigurations = (
				40F01215230BFCDD009B2527 /* Debug */,
				40F01216230BFCDD009B2527 /* Release */,
			);
			defaultConfigurationIsVisible = 0;
			defaultConfigurationName = Release;
		};
		40F01217230BFCDD009B2527 /* Build configuration list for PBXNativeTarget "GoogleCloudVisionOCRExample" */ = {
			isa = XCConfigurationList;
			buildConfigurations = (
				40F01218230BFCDD009B2527 /* Debug */,
				40F01219230BFCDD009B2527 /* Release */,
			);
			defaultConfigurationIsVisible = 0;
			defaultConfigurationName = Release;
		};
/* End XCConfigurationList section */
	};
	rootObject = 40F011FD230BFCDD009B2527 /* Project object */;
}
